
Microsoft Visual Studio Solution File, Format Version 12.00
# Visual Studio Version 17
VisualStudioVersion = 17.11.35219.272
MinimumVisualStudioVersion = 10.0.40219.1
Project("{8BC9CEB8-8B4A-11D0-8D11-00A0C91BC942}") = "MasterHide", "MasterHide\MasterHide.vcxproj", "{68D74A79-3DE6-463F-9F5A-03E719657B14}"
EndProject
Project("{8BC9CEB8-8B4A-11D0-8D11-00A0C91BC942}") = "MasterHideLoader", "MasterHideLoader\MasterHideLoader.vcxproj", "{018FEB18-6063-4D5F-AC3A-7CDFBD224016}"
EndProject
Global
	GlobalSection(SolutionConfigurationPlatforms) = preSolution
		Debug - infinityhook|Win32 = Debug - infinityhook|Win32
		Debug - infinityhook|x64 = Debug - infinityhook|x64
		Debug - infinityhook|x86 = Debug - infinityhook|x86
		Debug - KasperskyHook|Win32 = Debug - KasperskyHook|Win32
		Debug - KasperskyHook|x64 = Debug - KasperskyHook|x64
		Debug - KasperskyHook|x86 = Debug - KasperskyHook|x86
		Debug|Win32 = Debug|Win32
		Debug|x64 = Debug|x64
		Debug|x86 = Debug|x86
		Release - infinityhook|Win32 = Release - infinityhook|Win32
		Release - infinityhook|x64 = Release - infinityhook|x64
		Release - infinityhook|x86 = Release - infinityhook|x86
		Release - KasperskyHook|Win32 = Release - KasperskyHook|Win32
		Release - KasperskyHook|x64 = Release - KasperskyHook|x64
		Release - KasperskyHook|x86 = Release - KasperskyHook|x86
		Release|Win32 = Release|Win32
		Release|x64 = Release|x64
		Release|x86 = Release|x86
	EndGlobalSection
	GlobalSection(ProjectConfigurationPlatforms) = postSolution
		{68D74A79-3DE6-463F-9F5A-03E719657B14}.Debug - infinityhook|Win32.ActiveCfg = Debug - infinityhook|Win32
		{68D74A79-3DE6-463F-9F5A-03E719657B14}.Debug - infinityhook|Win32.Build.0 = Debug - infinityhook|Win32
		{68D74A79-3DE6-463F-9F5A-03E719657B14}.Debug - infinityhook|Win32.Deploy.0 = Debug - infinityhook|Win32
		{68D74A79-3DE6-463F-9F5A-03E719657B14}.Debug - infinityhook|x64.ActiveCfg = Debug - infinityhook|x64
		{68D74A79-3DE6-463F-9F5A-03E719657B14}.Debug - infinityhook|x64.Build.0 = Debug - infinityhook|x64
		{68D74A79-3DE6-463F-9F5A-03E719657B14}.Debug - infinityhook|x64.Deploy.0 = Debug - infinityhook|x64
		{68D74A79-3DE6-463F-9F5A-03E719657B14}.Debug - infinityhook|x86.ActiveCfg = Debug - infinityhook|Win32
		{68D74A79-3DE6-463F-9F5A-03E719657B14}.Debug - infinityhook|x86.Build.0 = Debug - infinityhook|Win32
		{68D74A79-3DE6-463F-9F5A-03E719657B14}.Debug - infinityhook|x86.Deploy.0 = Debug - infinityhook|Win32
		{68D74A79-3DE6-463F-9F5A-03E719657B14}.Debug - KasperskyHook|Win32.ActiveCfg = Debug - KasperskyHook|Win32
		{68D74A79-3DE6-463F-9F5A-03E719657B14}.Debug - KasperskyHook|Win32.Build.0 = Debug - KasperskyHook|Win32
		{68D74A79-3DE6-463F-9F5A-03E719657B14}.Debug - KasperskyHook|Win32.Deploy.0 = Debug - KasperskyHook|Win32
		{68D74A79-3DE6-463F-9F5A-03E719657B14}.Debug - KasperskyHook|x64.ActiveCfg = Debug - KasperskyHook|x64
		{68D74A79-3DE6-463F-9F5A-03E719657B14}.Debug - KasperskyHook|x64.Build.0 = Debug - KasperskyHook|x64
		{68D74A79-3DE6-463F-9F5A-03E719657B14}.Debug - KasperskyHook|x64.Deploy.0 = Debug - KasperskyHook|x64
		{68D74A79-3DE6-463F-9F5A-03E719657B14}.Debug - KasperskyHook|x86.ActiveCfg = Debug - KasperskyHook|Win32
		{68D74A79-3DE6-463F-9F5A-03E719657B14}.Debug - KasperskyHook|x86.Build.0 = Debug - KasperskyHook|Win32
		{68D74A79-3DE6-463F-9F5A-03E719657B14}.Debug - KasperskyHook|x86.Deploy.0 = Debug - KasperskyHook|Win32
		{68D74A79-3DE6-463F-9F5A-03E719657B14}.Debug|Win32.ActiveCfg = Debug|Win32
		{68D74A79-3DE6-463F-9F5A-03E719657B14}.Debug|Win32.Build.0 = Debug|Win32
		{68D74A79-3DE6-463F-9F5A-03E719657B14}.Debug|Win32.Deploy.0 = Debug|Win32
		{68D74A79-3DE6-463F-9F5A-03E719657B14}.Debug|x64.ActiveCfg = Debug|x64
		{68D74A79-3DE6-463F-9F5A-03E719657B14}.Debug|x64.Build.0 = Debug|x64
		{68D74A79-3DE6-463F-9F5A-03E719657B14}.Debug|x64.Deploy.0 = Debug|x64
		{68D74A79-3DE6-463F-9F5A-03E719657B14}.Debug|x86.ActiveCfg = Debug|Win32
		{68D74A79-3DE6-463F-9F5A-03E719657B14}.Debug|x86.Build.0 = Debug|Win32
		{68D74A79-3DE6-463F-9F5A-03E719657B14}.Debug|x86.Deploy.0 = Debug|Win32
		{68D74A79-3DE6-463F-9F5A-03E719657B14}.Release - infinityhook|Win32.ActiveCfg = Release - infinityhook|Win32
		{68D74A79-3DE6-463F-9F5A-03E719657B14}.Release - infinityhook|Win32.Build.0 = Release - infinityhook|Win32
		{68D74A79-3DE6-463F-9F5A-03E719657B14}.Release - infinityhook|Win32.Deploy.0 = Release - infinityhook|Win32
		{68D74A79-3DE6-463F-9F5A-03E719657B14}.Release - infinityhook|x64.ActiveCfg = Release - infinityhook|x64
		{68D74A79-3DE6-463F-9F5A-03E719657B14}.Release - infinityhook|x64.Build.0 = Release - infinityhook|x64
		{68D74A79-3DE6-463F-9F5A-03E719657B14}.Release - infinityhook|x64.Deploy.0 = Release - infinityhook|x64
		{68D74A79-3DE6-463F-9F5A-03E719657B14}.Release - infinityhook|x86.ActiveCfg = Release - infinityhook|Win32
		{68D74A79-3DE6-463F-9F5A-03E719657B14}.Release - infinityhook|x86.Build.0 = Release - infinityhook|Win32
		{68D74A79-3DE6-463F-9F5A-03E719657B14}.Release - infinityhook|x86.Deploy.0 = Release - infinityhook|Win32
		{68D74A79-3DE6-463F-9F5A-03E719657B14}.Release - KasperskyHook|Win32.ActiveCfg = Release - KasperskyHook|Win32
		{68D74A79-3DE6-463F-9F5A-03E719657B14}.Release - KasperskyHook|Win32.Build.0 = Release - KasperskyHook|Win32
		{68D74A79-3DE6-463F-9F5A-03E719657B14}.Release - KasperskyHook|Win32.Deploy.0 = Release - KasperskyHook|Win32
		{68D74A79-3DE6-463F-9F5A-03E719657B14}.Release - KasperskyHook|x64.ActiveCfg = Release - KasperskyHook|x64
		{68D74A79-3DE6-463F-9F5A-03E719657B14}.Release - KasperskyHook|x64.Build.0 = Release - KasperskyHook|x64
		{68D74A79-3DE6-463F-9F5A-03E719657B14}.Release - KasperskyHook|x64.Deploy.0 = Release - KasperskyHook|x64
		{68D74A79-3DE6-463F-9F5A-03E719657B14}.Release - KasperskyHook|x86.ActiveCfg = Release - KasperskyHook|Win32
		{68D74A79-3DE6-463F-9F5A-03E719657B14}.Release - KasperskyHook|x86.Build.0 = Release - KasperskyHook|Win32
		{68D74A79-3DE6-463F-9F5A-03E719657B14}.Release - KasperskyHook|x86.Deploy.0 = Release - KasperskyHook|Win32
		{68D74A79-3DE6-463F-9F5A-03E719657B14}.Release|Win32.ActiveCfg = Release|Win32
		{68D74A79-3DE6-463F-9F5A-03E719657B14}.Release|Win32.Build.0 = Release|Win32
		{68D74A79-3DE6-463F-9F5A-03E719657B14}.Release|Win32.Deploy.0 = Release|Win32
		{68D74A79-3DE6-463F-9F5A-03E719657B14}.Release|x64.ActiveCfg = Release|x64
		{68D74A79-3DE6-463F-9F5A-03E719657B14}.Release|x64.Build.0 = Release|x64
		{68D74A79-3DE6-463F-9F5A-03E719657B14}.Release|x64.Deploy.0 = Release|x64
		{68D74A79-3DE6-463F-9F5A-03E719657B14}.Release|x86.ActiveCfg = Release|Win32
		{68D74A79-3DE6-463F-9F5A-03E719657B14}.Release|x86.Build.0 = Release|Win32
		{68D74A79-3DE6-463F-9F5A-03E719657B14}.Release|x86.Deploy.0 = Release|Win32
		{018FEB18-6063-4D5F-AC3A-7CDFBD224016}.Debug - infinityhook|Win32.ActiveCfg = Debug - infinityhook|Win32
		{018FEB18-6063-4D5F-AC3A-7CDFBD224016}.Debug - infinityhook|Win32.Build.0 = Debug - infinityhook|Win32
		{018FEB18-6063-4D5F-AC3A-7CDFBD224016}.Debug - infinityhook|x64.ActiveCfg = Debug - infinityhook|x64
		{018FEB18-6063-4D5F-AC3A-7CDFBD224016}.Debug - infinityhook|x64.Build.0 = Debug - infinityhook|x64
		{018FEB18-6063-4D5F-AC3A-7CDFBD224016}.Debug - infinityhook|x86.ActiveCfg = Debug - infinityhook|Win32
		{018FEB18-6063-4D5F-AC3A-7CDFBD224016}.Debug - infinityhook|x86.Build.0 = Debug - infinityhook|Win32
		{018FEB18-6063-4D5F-AC3A-7CDFBD224016}.Debug - KasperskyHook|Win32.ActiveCfg = Debug - KasperskyHook|Win32
		{018FEB18-6063-4D5F-AC3A-7CDFBD224016}.Debug - KasperskyHook|Win32.Build.0 = Debug - KasperskyHook|Win32
		{018FEB18-6063-4D5F-AC3A-7CDFBD224016}.Debug - KasperskyHook|x64.ActiveCfg = Debug - KasperskyHook|Win32
		{018FEB18-6063-4D5F-AC3A-7CDFBD224016}.Debug - KasperskyHook|x64.Build.0 = Debug - KasperskyHook|Win32
		{018FEB18-6063-4D5F-AC3A-7CDFBD224016}.Debug - KasperskyHook|x86.ActiveCfg = Debug - KasperskyHook|Win32
		{018FEB18-6063-4D5F-AC3A-7CDFBD224016}.Debug - KasperskyHook|x86.Build.0 = Debug - KasperskyHook|Win32
		{018FEB18-6063-4D5F-AC3A-7CDFBD224016}.Debug|Win32.ActiveCfg = Debug|Win32
		{018FEB18-6063-4D5F-AC3A-7CDFBD224016}.Debug|Win32.Build.0 = Debug|Win32
		{018FEB18-6063-4D5F-AC3A-7CDFBD224016}.Debug|x64.ActiveCfg = Debug|x64
		{018FEB18-6063-4D5F-AC3A-7CDFBD224016}.Debug|x64.Build.0 = Debug|x64
		{018FEB18-6063-4D5F-AC3A-7CDFBD224016}.Debug|x86.ActiveCfg = Debug|Win32
		{018FEB18-6063-4D5F-AC3A-7CDFBD224016}.Debug|x86.Build.0 = Debug|Win32
		{018FEB18-6063-4D5F-AC3A-7CDFBD224016}.Release - infinityhook|Win32.ActiveCfg = Release - infinityhook|Win32
		{018FEB18-6063-4D5F-AC3A-7CDFBD224016}.Release - infinityhook|Win32.Build.0 = Release - infinityhook|Win32
		{018FEB18-6063-4D5F-AC3A-7CDFBD224016}.Release - infinityhook|x64.ActiveCfg = Release - infinityhook|Win32
		{018FEB18-6063-4D5F-AC3A-7CDFBD224016}.Release - infinityhook|x64.Build.0 = Release - infinityhook|Win32
		{018FEB18-6063-4D5F-AC3A-7CDFBD224016}.Release - infinityhook|x86.ActiveCfg = Release - infinityhook|Win32
		{018FEB18-6063-4D5F-AC3A-7CDFBD224016}.Release - infinityhook|x86.Build.0 = Release - infinityhook|Win32
		{018FEB18-6063-4D5F-AC3A-7CDFBD224016}.Release - KasperskyHook|Win32.ActiveCfg = Release - KasperskyHook|Win32
		{018FEB18-6063-4D5F-AC3A-7CDFBD224016}.Release - KasperskyHook|Win32.Build.0 = Release - KasperskyHook|Win32
		{018FEB18-6063-4D5F-AC3A-7CDFBD224016}.Release - KasperskyHook|x64.ActiveCfg = Release - KasperskyHook|Win32
		{018FEB18-6063-4D5F-AC3A-7CDFBD224016}.Release - KasperskyHook|x64.Build.0 = Release - KasperskyHook|Win32
		{018FEB18-6063-4D5F-AC3A-7CDFBD224016}.Release - KasperskyHook|x86.ActiveCfg = Release - KasperskyHook|Win32
		{018FEB18-6063-4D5F-AC3A-7CDFBD224016}.Release - KasperskyHook|x86.Build.0 = Release - KasperskyHook|Win32
		{018FEB18-6063-4D5F-AC3A-7CDFBD224016}.Release|Win32.ActiveCfg = Release|Win32
		{018FEB18-6063-4D5F-AC3A-7CDFBD224016}.Release|Win32.Build.0 = Release|Win32
		{018FEB18-6063-4D5F-AC3A-7CDFBD224016}.Release|x64.ActiveCfg = Release|x64
		{018FEB18-6063-4D5F-AC3A-7CDFBD224016}.Release|x64.Build.0 = Release|x64
		{018FEB18-6063-4D5F-AC3A-7CDFBD224016}.Release|x86.ActiveCfg = Release|Win32
		{018FEB18-6063-4D5F-AC3A-7CDFBD224016}.Release|x86.Build.0 = Release|Win32
	EndGlobalSection
	GlobalSection(SolutionProperties) = preSolution
		HideSolutionNode = FALSE
	EndGlobalSection
	GlobalSection(ExtensibilityGlobals) = postSolution
		SolutionGuid = {787DE2A5-49D4-4580-B87D-BD1E48B8CA8E}
	EndGlobalSection
EndGlobal
